// !$*UTF8*$!
{
	archiveVersion = 1;
	classes = {
	};
	objectVersion = 55;
	objects = {

/* Begin PBXBuildFile section */
		7E75BFD8299673730006539B /* Tests_iOS.swift in Sources */ = {isa = PBXBuildFile; fileRef = 7E75BFD7299673730006539B /* Tests_iOS.swift */; };
		7E75BFDA299673730006539B /* Tests_iOSLaunchTests.swift in Sources */ = {isa = PBXBuildFile; fileRef = 7E75BFD9299673730006539B /* Tests_iOSLaunchTests.swift */; };
		7E75BFE4299673730006539B /* Tests_macOS.swift in Sources */ = {isa = PBXBuildFile; fileRef = 7E75BFE3299673730006539B /* Tests_macOS.swift */; };
		7E75BFE6299673730006539B /* Tests_macOSLaunchTests.swift in Sources */ = {isa = PBXBuildFile; fileRef = 7E75BFE5299673730006539B /* Tests_macOSLaunchTests.swift */; };
		7E75BFE7299673730006539B /* CustomViewApp.swift in Sources */ = {isa = PBXBuildFile; fileRef = 7E75BFBF299673720006539B /* CustomViewApp.swift */; };
		7E75BFE8299673730006539B /* CustomViewApp.swift in Sources */ = {isa = PBXBuildFile; fileRef = 7E75BFBF299673720006539B /* CustomViewApp.swift */; };
		7E75BFE9299673730006539B /* ContentView.swift in Sources */ = {isa = PBXBuildFile; fileRef = 7E75BFC0299673720006539B /* ContentView.swift */; };
		7E75BFEA299673730006539B /* ContentView.swift in Sources */ = {isa = PBXBuildFile; fileRef = 7E75BFC0299673720006539B /* ContentView.swift */; };
		7E75BFEB299673730006539B /* Assets.xcassets in Resources */ = {isa = PBXBuildFile; fileRef = 7E75BFC1299673730006539B /* Assets.xcassets */; };
		7E75BFEC299673730006539B /* Assets.xcassets in Resources */ = {isa = PBXBuildFile; fileRef = 7E75BFC1299673730006539B /* Assets.xcassets */; };
		7E75BFFE299674230006539B /* RecyclerView.swift in Sources */ = {isa = PBXBuildFile; fileRef = 7E75BFFD299674230006539B /* RecyclerView.swift */; };
		7E75BFFF299674230006539B /* RecyclerView.swift in Sources */ = {isa = PBXBuildFile; fileRef = 7E75BFFD299674230006539B /* RecyclerView.swift */; };
		7E75C000299674230006539B /* RecyclerView.swift in Sources */ = {isa = PBXBuildFile; fileRef = 7E75BFFD299674230006539B /* RecyclerView.swift */; };
		7E75C001299674230006539B /* RecyclerView.swift in Sources */ = {isa = PBXBuildFile; fileRef = 7E75BFFD299674230006539B /* RecyclerView.swift */; };
		7E75C003299674400006539B /* RecyclerViewAxis.swift in Sources */ = {isa = PBXBuildFile; fileRef = 7E75C002299674400006539B /* RecyclerViewAxis.swift */; };
		7E75C004299674400006539B /* RecyclerViewAxis.swift in Sources */ = {isa = PBXBuildFile; fileRef = 7E75C002299674400006539B /* RecyclerViewAxis.swift */; };
		7E75C005299674400006539B /* RecyclerViewAxis.swift in Sources */ = {isa = PBXBuildFile; fileRef = 7E75C002299674400006539B /* RecyclerViewAxis.swift */; };
		7E75C006299674400006539B /* RecyclerViewAxis.swift in Sources */ = {isa = PBXBuildFile; fileRef = 7E75C002299674400006539B /* RecyclerViewAxis.swift */; };
		7E75C009299674B90006539B /* PageView.swift in Sources */ = {isa = PBXBuildFile; fileRef = 7E75C008299674B90006539B /* PageView.swift */; };
		7E75C00A299674B90006539B /* PageView.swift in Sources */ = {isa = PBXBuildFile; fileRef = 7E75C008299674B90006539B /* PageView.swift */; };
		7E75C00B299674B90006539B /* PageView.swift in Sources */ = {isa = PBXBuildFile; fileRef = 7E75C008299674B90006539B /* PageView.swift */; };
		7E75C00C299674B90006539B /* PageView.swift in Sources */ = {isa = PBXBuildFile; fileRef = 7E75C008299674B90006539B /* PageView.swift */; };
		7E75C00F2996751E0006539B /* GridView.swift in Sources */ = {isa = PBXBuildFile; fileRef = 7E75C00E2996751E0006539B /* GridView.swift */; };
		7E75C0102996751E0006539B /* GridView.swift in Sources */ = {isa = PBXBuildFile; fileRef = 7E75C00E2996751E0006539B /* GridView.swift */; };
		7E75C0112996751E0006539B /* GridView.swift in Sources */ = {isa = PBXBuildFile; fileRef = 7E75C00E2996751E0006539B /* GridView.swift */; };
		7E75C0122996751E0006539B /* GridView.swift in Sources */ = {isa = PBXBuildFile; fileRef = 7E75C00E2996751E0006539B /* GridView.swift */; };
		7E75C0142996752E0006539B /* GridType.swift in Sources */ = {isa = PBXBuildFile; fileRef = 7E75C0132996752E0006539B /* GridType.swift */; };
		7E75C0152996752E0006539B /* GridType.swift in Sources */ = {isa = PBXBuildFile; fileRef = 7E75C0132996752E0006539B /* GridType.swift */; };
		7E75C0162996752E0006539B /* GridType.swift in Sources */ = {isa = PBXBuildFile; fileRef = 7E75C0132996752E0006539B /* GridType.swift */; };
		7E75C0172996752E0006539B /* GridType.swift in Sources */ = {isa = PBXBuildFile; fileRef = 7E75C0132996752E0006539B /* GridType.swift */; };
		7E75C01A299678960006539B /* CustomTabView.swift in Sources */ = {isa = PBXBuildFile; fileRef = 7E75C019299678960006539B /* CustomTabView.swift */; };
		7E75C01C299678A10006539B /* CustomTabBottom.swift in Sources */ = {isa = PBXBuildFile; fileRef = 7E75C01B299678A10006539B /* CustomTabBottom.swift */; };
		7E75C01E299678AA0006539B /* CustomTabItemModel.swift in Sources */ = {isa = PBXBuildFile; fileRef = 7E75C01D299678AA0006539B /* CustomTabItemModel.swift */; };
		7E75C020299678C60006539B /* CustomTabBottomItem.swift in Sources */ = {isa = PBXBuildFile; fileRef = 7E75C01F299678C60006539B /* CustomTabBottomItem.swift */; };
		7E75C021299678C60006539B /* CustomTabBottomItem.swift in Sources */ = {isa = PBXBuildFile; fileRef = 7E75C01F299678C60006539B /* CustomTabBottomItem.swift */; };
		7E75C022299678C60006539B /* CustomTabBottomItem.swift in Sources */ = {isa = PBXBuildFile; fileRef = 7E75C01F299678C60006539B /* CustomTabBottomItem.swift */; };
		7E75C023299678C60006539B /* CustomTabBottomItem.swift in Sources */ = {isa = PBXBuildFile; fileRef = 7E75C01F299678C60006539B /* CustomTabBottomItem.swift */; };
/* End PBXBuildFile section */

/* Begin PBXContainerItemProxy section */
		7E75BFD4299673730006539B /* PBXContainerItemProxy */ = {
			isa = PBXContainerItemProxy;
			containerPortal = 7E75BFBA299673720006539B /* Project object */;
			proxyType = 1;
			remoteGlobalIDString = 7E75BFC5299673730006539B;
			remoteInfo = "CustomView (iOS)";
		};
		7E75BFE0299673730006539B /* PBXContainerItemProxy */ = {
			isa = PBXContainerItemProxy;
			containerPortal = 7E75BFBA299673720006539B /* Project object */;
			proxyType = 1;
			remoteGlobalIDString = 7E75BFCB299673730006539B;
			remoteInfo = "CustomView (macOS)";
		};
/* End PBXContainerItemProxy section */

/* Begin PBXFileReference section */
		7E75BFBF299673720006539B /* CustomViewApp.swift */ = {isa = PBXFileReference; lastKnownFileType = sourcecode.swift; path = CustomViewApp.swift; sourceTree = "<group>"; };
		7E75BFC0299673720006539B /* ContentView.swift */ = {isa = PBXFileReference; lastKnownFileType = sourcecode.swift; path = ContentView.swift; sourceTree = "<group>"; };
		7E75BFC1299673730006539B /* Assets.xcassets */ = {isa = PBXFileReference; lastKnownFileType = folder.assetcatalog; path = Assets.xcassets; sourceTree = "<group>"; };
		7E75BFC6299673730006539B /* CustomView.app */ = {isa = PBXFileReference; explicitFileType = wrapper.application; includeInIndex = 0; path = CustomView.app; sourceTree = BUILT_PRODUCTS_DIR; };
		7E75BFCC299673730006539B /* CustomView.app */ = {isa = PBXFileReference; explicitFileType = wrapper.application; includeInIndex = 0; path = CustomView.app; sourceTree = BUILT_PRODUCTS_DIR; };
		7E75BFCE299673730006539B /* macOS.entitlements */ = {isa = PBXFileReference; lastKnownFileType = text.plist.entitlements; path = macOS.entitlements; sourceTree = "<group>"; };
		7E75BFD3299673730006539B /* Tests iOS.xctest */ = {isa = PBXFileReference; explicitFileType = wrapper.cfbundle; includeInIndex = 0; path = "Tests iOS.xctest"; sourceTree = BUILT_PRODUCTS_DIR; };
		7E75BFD7299673730006539B /* Tests_iOS.swift */ = {isa = PBXFileReference; lastKnownFileType = sourcecode.swift; path = Tests_iOS.swift; sourceTree = "<group>"; };
		7E75BFD9299673730006539B /* Tests_iOSLaunchTests.swift */ = {isa = PBXFileReference; lastKnownFileType = sourcecode.swift; path = Tests_iOSLaunchTests.swift; sourceTree = "<group>"; };
		7E75BFDF299673730006539B /* Tests macOS.xctest */ = {isa = PBXFileReference; explicitFileType = wrapper.cfbundle; includeInIndex = 0; path = "Tests macOS.xctest"; sourceTree = BUILT_PRODUCTS_DIR; };
		7E75BFE3299673730006539B /* Tests_macOS.swift */ = {isa = PBXFileReference; lastKnownFileType = sourcecode.swift; path = Tests_macOS.swift; sourceTree = "<group>"; };
		7E75BFE5299673730006539B /* Tests_macOSLaunchTests.swift */ = {isa = PBXFileReference; lastKnownFileType = sourcecode.swift; path = Tests_macOSLaunchTests.swift; sourceTree = "<group>"; };
		7E75BFFD299674230006539B /* RecyclerView.swift */ = {isa = PBXFileReference; lastKnownFileType = sourcecode.swift; path = RecyclerView.swift; sourceTree = "<group>"; };
		7E75C002299674400006539B /* RecyclerViewAxis.swift */ = {isa = PBXFileReference; lastKnownFileType = sourcecode.swift; path = RecyclerViewAxis.swift; sourceTree = "<group>"; };
		7E75C008299674B90006539B /* PageView.swift */ = {isa = PBXFileReference; lastKnownFileType = sourcecode.swift; path = PageView.swift; sourceTree = "<group>"; };
		7E75C00E2996751E0006539B /* GridView.swift */ = {isa = PBXFileReference; lastKnownFileType = sourcecode.swift; path = GridView.swift; sourceTree = "<group>"; };
		7E75C0132996752E0006539B /* GridType.swift */ = {isa = PBXFileReference; lastKnownFileType = sourcecode.swift; path = GridType.swift; sourceTree = "<group>"; };
		7E75C019299678960006539B /* CustomTabView.swift */ = {isa = PBXFileReference; lastKnownFileType = sourcecode.swift; path = CustomTabView.swift; sourceTree = "<group>"; };
		7E75C01B299678A10006539B /* CustomTabBottom.swift */ = {isa = PBXFileReference; lastKnownFileType = sourcecode.swift; path = CustomTabBottom.swift; sourceTree = "<group>"; };
		7E75C01D299678AA0006539B /* CustomTabItemModel.swift */ = {isa = PBXFileReference; lastKnownFileType = sourcecode.swift; path = CustomTabItemModel.swift; sourceTree = "<group>"; };
		7E75C01F299678C60006539B /* CustomTabBottomItem.swift */ = {isa = PBXFileReference; lastKnownFileType = sourcecode.swift; path = CustomTabBottomItem.swift; sourceTree = "<group>"; };
/* End PBXFileReference section */

/* Begin PBXFrameworksBuildPhase section */
		7E75BFC3299673730006539B /* Frameworks */ = {
			isa = PBXFrameworksBuildPhase;
			buildActionMask = 2147483647;
			files = (
			);
			runOnlyForDeploymentPostprocessing = 0;
		};
		7E75BFC9299673730006539B /* Frameworks */ = {
			isa = PBXFrameworksBuildPhase;
			buildActionMask = 2147483647;
			files = (
			);
			runOnlyForDeploymentPostprocessing = 0;
		};
		7E75BFD0299673730006539B /* Frameworks */ = {
			isa = PBXFrameworksBuildPhase;
			buildActionMask = 2147483647;
			files = (
			);
			runOnlyForDeploymentPostprocessing = 0;
		};
		7E75BFDC299673730006539B /* Frameworks */ = {
			isa = PBXFrameworksBuildPhase;
			buildActionMask = 2147483647;
			files = (
			);
			runOnlyForDeploymentPostprocessing = 0;
		};
/* End PBXFrameworksBuildPhase section */

/* Begin PBXGroup section */
		7E75BFB9299673720006539B = {
			isa = PBXGroup;
			children = (
				7E75BFBE299673720006539B /* Shared */,
				7E75BFCD299673730006539B /* macOS */,
				7E75BFD6299673730006539B /* Tests iOS */,
				7E75BFE2299673730006539B /* Tests macOS */,
				7E75BFC7299673730006539B /* Products */,
			);
			sourceTree = "<group>";
		};
		7E75BFBE299673720006539B /* Shared */ = {
			isa = PBXGroup;
			children = (
				7E75BFFB299673D60006539B /* Views */,
				7E75BFBF299673720006539B /* CustomViewApp.swift */,
				7E75BFC0299673720006539B /* ContentView.swift */,
				7E75BFC1299673730006539B /* Assets.xcassets */,
			);
			path = Shared;
			sourceTree = "<group>";
		};
		7E75BFC7299673730006539B /* Products */ = {
			isa = PBXGroup;
			children = (
				7E75BFC6299673730006539B /* CustomView.app */,
				7E75BFCC299673730006539B /* CustomView.app */,
				7E75BFD3299673730006539B /* Tests iOS.xctest */,
				7E75BFDF299673730006539B /* Tests macOS.xctest */,
			);
			name = Products;
			sourceTree = "<group>";
		};
		7E75BFCD299673730006539B /* macOS */ = {
			isa = PBXGroup;
			children = (
				7E75BFCE299673730006539B /* macOS.entitlements */,
			);
			path = macOS;
			sourceTree = "<group>";
		};
		7E75BFD6299673730006539B /* Tests iOS */ = {
			isa = PBXGroup;
			children = (
				7E75BFD7299673730006539B /* Tests_iOS.swift */,
				7E75BFD9299673730006539B /* Tests_iOSLaunchTests.swift */,
			);
			path = "Tests iOS";
			sourceTree = "<group>";
		};
		7E75BFE2299673730006539B /* Tests macOS */ = {
			isa = PBXGroup;
			children = (
				7E75BFE3299673730006539B /* Tests_macOS.swift */,
				7E75BFE5299673730006539B /* Tests_macOSLaunchTests.swift */,
			);
			path = "Tests macOS";
			sourceTree = "<group>";
		};
		7E75BFFB299673D60006539B /* Views */ = {
			isa = PBXGroup;
			children = (
				7E75C0182996787A0006539B /* CustomTabView */,
				7E75C00D299675100006539B /* GridView */,
				7E75C007299674A80006539B /* PageView */,
				7E75BFFC299673DE0006539B /* RecyclerView */,
			);
			path = Views;
			sourceTree = "<group>";
		};
		7E75BFFC299673DE0006539B /* RecyclerView */ = {
			isa = PBXGroup;
			children = (
				7E75BFFD299674230006539B /* RecyclerView.swift */,
				7E75C002299674400006539B /* RecyclerViewAxis.swift */,
			);
			path = RecyclerView;
			sourceTree = "<group>";
		};
		7E75C007299674A80006539B /* PageView */ = {
			isa = PBXGroup;
			children = (
				7E75C008299674B90006539B /* PageView.swift */,
			);
			path = PageView;
			sourceTree = "<group>";
		};
		7E75C00D299675100006539B /* GridView */ = {
			isa = PBXGroup;
			children = (
				7E75C00E2996751E0006539B /* GridView.swift */,
				7E75C0132996752E0006539B /* GridType.swift */,
			);
			path = GridView;
			sourceTree = "<group>";
		};
		7E75C0182996787A0006539B /* CustomTabView */ = {
			isa = PBXGroup;
			children = (
				7E75C019299678960006539B /* CustomTabView.swift */,
				7E75C01B299678A10006539B /* CustomTabBottom.swift */,
				7E75C01D299678AA0006539B /* CustomTabItemModel.swift */,
				7E75C01F299678C60006539B /* CustomTabBottomItem.swift */,
			);
			path = CustomTabView;
			sourceTree = "<group>";
		};
/* End PBXGroup section */

/* Begin PBXNativeTarget section */
		7E75BFC5299673730006539B /* CustomView (iOS) */ = {
			isa = PBXNativeTarget;
			buildConfigurationList = 7E75BFEF299673730006539B /* Build configuration list for PBXNativeTarget "CustomView (iOS)" */;
			buildPhases = (
				7E75BFC2299673730006539B /* Sources */,
				7E75BFC3299673730006539B /* Frameworks */,
				7E75BFC4299673730006539B /* Resources */,
			);
			buildRules = (
			);
			dependencies = (
			);
			name = "CustomView (iOS)";
			productName = "CustomView (iOS)";
			productReference = 7E75BFC6299673730006539B /* CustomView.app */;
			productType = "com.apple.product-type.application";
		};
		7E75BFCB299673730006539B /* CustomView (macOS) */ = {
			isa = PBXNativeTarget;
			buildConfigurationList = 7E75BFF2299673730006539B /* Build configuration list for PBXNativeTarget "CustomView (macOS)" */;
			buildPhases = (
				7E75BFC8299673730006539B /* Sources */,
				7E75BFC9299673730006539B /* Frameworks */,
				7E75BFCA299673730006539B /* Resources */,
			);
			buildRules = (
			);
			dependencies = (
			);
			name = "CustomView (macOS)";
			productName = "CustomView (macOS)";
			productReference = 7E75BFCC299673730006539B /* CustomView.app */;
			productType = "com.apple.product-type.application";
		};
		7E75BFD2299673730006539B /* Tests iOS */ = {
			isa = PBXNativeTarget;
			buildConfigurationList = 7E75BFF5299673730006539B /* Build configuration list for PBXNativeTarget "Tests iOS" */;
			buildPhases = (
				7E75BFCF299673730006539B /* Sources */,
				7E75BFD0299673730006539B /* Frameworks */,
				7E75BFD1299673730006539B /* Resources */,
			);
			buildRules = (
			);
			dependencies = (
				7E75BFD5299673730006539B /* PBXTargetDependency */,
			);
			name = "Tests iOS";
			productName = "Tests iOS";
			productReference = 7E75BFD3299673730006539B /* Tests iOS.xctest */;
			productType = "com.apple.product-type.bundle.ui-testing";
		};
		7E75BFDE299673730006539B /* Tests macOS */ = {
			isa = PBXNativeTarget;
			buildConfigurationList = 7E75BFF8299673730006539B /* Build configuration list for PBXNativeTarget "Tests macOS" */;
			buildPhases = (
				7E75BFDB299673730006539B /* Sources */,
				7E75BFDC299673730006539B /* Frameworks */,
				7E75BFDD299673730006539B /* Resources */,
			);
			buildRules = (
			);
			dependencies = (
				7E75BFE1299673730006539B /* PBXTargetDependency */,
			);
			name = "Tests macOS";
			productName = "Tests macOS";
			productReference = 7E75BFDF299673730006539B /* Tests macOS.xctest */;
			productType = "com.apple.product-type.bundle.ui-testing";
		};
/* End PBXNativeTarget section */

/* Begin PBXProject section */
		7E75BFBA299673720006539B /* Project object */ = {
			isa = PBXProject;
			attributes = {
				BuildIndependentTargetsInParallel = 1;
				LastSwiftUpdateCheck = 1320;
				LastUpgradeCheck = 1320;
				TargetAttributes = {
					7E75BFC5299673730006539B = {
						CreatedOnToolsVersion = 13.2.1;
					};
					7E75BFCB299673730006539B = {
						CreatedOnToolsVersion = 13.2.1;
					};
					7E75BFD2299673730006539B = {
						CreatedOnToolsVersion = 13.2.1;
						TestTargetID = 7E75BFC5299673730006539B;
					};
					7E75BFDE299673730006539B = {
						CreatedOnToolsVersion = 13.2.1;
						TestTargetID = 7E75BFCB299673730006539B;
					};
				};
			};
			buildConfigurationList = 7E75BFBD299673720006539B /* Build configuration list for PBXProject "CustomView" */;
			compatibilityVersion = "Xcode 13.0";
			developmentRegion = en;
			hasScannedForEncodings = 0;
			knownRegions = (
				en,
				Base,
			);
			mainGroup = 7E75BFB9299673720006539B;
			productRefGroup = 7E75BFC7299673730006539B /* Products */;
			projectDirPath = "";
			projectRoot = "";
			targets = (
				7E75BFC5299673730006539B /* CustomView (iOS) */,
				7E75BFCB299673730006539B /* CustomView (macOS) */,
				7E75BFD2299673730006539B /* Tests iOS */,
				7E75BFDE299673730006539B /* Tests macOS */,
			);
		};
/* End PBXProject section */

/* Begin PBXResourcesBuildPhase section */
		7E75BFC4299673730006539B /* Resources */ = {
			isa = PBXResourcesBuildPhase;
			buildActionMask = 2147483647;
			files = (
				7E75BFEB299673730006539B /* Assets.xcassets in Resources */,
			);
			runOnlyForDeploymentPostprocessing = 0;
		};
		7E75BFCA299673730006539B /* Resources */ = {
			isa = PBXResourcesBuildPhase;
			buildActionMask = 2147483647;
			files = (
				7E75BFEC299673730006539B /* Assets.xcassets in Resources */,
			);
			runOnlyForDeploymentPostprocessing = 0;
		};
		7E75BFD1299673730006539B /* Resources */ = {
			isa = PBXResourcesBuildPhase;
			buildActionMask = 2147483647;
			files = (
			);
			runOnlyForDeploymentPostprocessing = 0;
		};
		7E75BFDD299673730006539B /* Resources */ = {
			isa = PBXResourcesBuildPhase;
			buildActionMask = 2147483647;
			files = (
			);
			runOnlyForDeploymentPostprocessing = 0;
		};
/* End PBXResourcesBuildPhase section */

/* Begin PBXSourcesBuildPhase section */
		7E75BFC2299673730006539B /* Sources */ = {
			isa = PBXSourcesBuildPhase;
			buildActionMask = 2147483647;
			files = (
				7E75C020299678C60006539B /* CustomTabBottomItem.swift in Sources */,
				7E75C009299674B90006539B /* PageView.swift in Sources */,
				7E75C01E299678AA0006539B /* CustomTabItemModel.swift in Sources */,
				7E75C0142996752E0006539B /* GridType.swift in Sources */,
				7E75BFFE299674230006539B /* RecyclerView.swift in Sources */,
				7E75C01A299678960006539B /* CustomTabView.swift in Sources */,
				7E75BFE9299673730006539B /* ContentView.swift in Sources */,
				7E75C003299674400006539B /* RecyclerViewAxis.swift in Sources */,
				7E75C01C299678A10006539B /* CustomTabBottom.swift in Sources */,
				7E75C00F2996751E0006539B /* GridView.swift in Sources */,
				7E75BFE7299673730006539B /* CustomViewApp.swift in Sources */,
			);
			runOnlyForDeploymentPostprocessing = 0;
		};
		7E75BFC8299673730006539B /* Sources */ = {
			isa = PBXSourcesBuildPhase;
			buildActionMask = 2147483647;
			files = (
				7E75C00A299674B90006539B /* PageView.swift in Sources */,
				7E75C0152996752E0006539B /* GridType.swift in Sources */,
				7E75C021299678C60006539B /* CustomTabBottomItem.swift in Sources */,
				7E75BFFF299674230006539B /* RecyclerView.swift in Sources */,
				7E75BFEA299673730006539B /* ContentView.swift in Sources */,
				7E75C004299674400006539B /* RecyclerViewAxis.swift in Sources */,
				7E75C0102996751E0006539B /* GridView.swift in Sources */,
				7E75BFE8299673730006539B /* CustomViewApp.swift in Sources */,
			);
			runOnlyForDeploymentPostprocessing = 0;
		};
		7E75BFCF299673730006539B /* Sources */ = {
			isa = PBXSourcesBuildPhase;
			buildActionMask = 2147483647;
			files = (
				7E75C00B299674B90006539B /* PageView.swift in Sources */,
				7E75C0162996752E0006539B /* GridType.swift in Sources */,
				7E75C022299678C60006539B /* CustomTabBottomItem.swift in Sources */,
				7E75C000299674230006539B /* RecyclerView.swift in Sources */,
				7E75BFDA299673730006539B /* Tests_iOSLaunchTests.swift in Sources */,
				7E75C005299674400006539B /* RecyclerViewAxis.swift in Sources */,
				7E75C0112996751E0006539B /* GridView.swift in Sources */,
				7E75BFD8299673730006539B /* Tests_iOS.swift in Sources */,
			);
			runOnlyForDeploymentPostprocessing = 0;
		};
		7E75BFDB299673730006539B /* Sources */ = {
			isa = PBXSourcesBuildPhase;
			buildActionMask = 2147483647;
			files = (
				7E75C00C299674B90006539B /* PageView.swift in Sources */,
				7E75C0172996752E0006539B /* GridType.swift in Sources */,
				7E75C023299678C60006539B /* CustomTabBottomItem.swift in Sources */,
				7E75C001299674230006539B /* RecyclerView.swift in Sources */,
				7E75BFE6299673730006539B /* Tests_macOSLaunchTests.swift in Sources */,
				7E75C006299674400006539B /* RecyclerViewAxis.swift in Sources */,
				7E75C0122996751E0006539B /* GridView.swift in Sources */,
				7E75BFE4299673730006539B /* Tests_macOS.swift in Sources */,
			);
			runOnlyForDeploymentPostprocessing = 0;
		};
/* End PBXSourcesBuildPhase section */

/* Begin PBXTargetDependency section */
		7E75BFD5299673730006539B /* PBXTargetDependency */ = {
			isa = PBXTargetDependency;
			target = 7E75BFC5299673730006539B /* CustomView (iOS) */;
			targetProxy = 7E75BFD4299673730006539B /* PBXContainerItemProxy */;
		};
		7E75BFE1299673730006539B /* PBXTargetDependency */ = {
			isa = PBXTargetDependency;
			target = 7E75BFCB299673730006539B /* CustomView (macOS) */;
			targetProxy = 7E75BFE0299673730006539B /* PBXContainerItemProxy */;
		};
/* End PBXTargetDependency section */

/* Begin XCBuildConfiguration section */
		7E75BFED299673730006539B /* Debug */ = {
			isa = XCBuildConfiguration;
			buildSettings = {
				ALWAYS_SEARCH_USER_PATHS = NO;
				CLANG_ANALYZER_NONNULL = YES;
				CLANG_ANALYZER_NUMBER_OBJECT_CONVERSION = YES_AGGRESSIVE;
				CLANG_CXX_LANGUAGE_STANDARD = "gnu++17";
				CLANG_CXX_LIBRARY = "libc++";
				CLANG_ENABLE_MODULES = YES;
				CLANG_ENABLE_OBJC_ARC = YES;
				CLANG_ENABLE_OBJC_WEAK = YES;
				CLANG_WARN_BLOCK_CAPTURE_AUTORELEASING = YES;
				CLANG_WARN_BOOL_CONVERSION = YES;
				CLANG_WARN_COMMA = YES;
				CLANG_WARN_CONSTANT_CONVERSION = YES;
				CLANG_WARN_DEPRECATED_OBJC_IMPLEMENTATIONS = YES;
				CLANG_WARN_DIRECT_OBJC_ISA_USAGE = YES_ERROR;
				CLANG_WARN_DOCUMENTATION_COMMENTS = YES;
				CLANG_WARN_EMPTY_BODY = YES;
				CLANG_WARN_ENUM_CONVERSION = YES;
				CLANG_WARN_INFINITE_RECURSION = YES;
				CLANG_WARN_INT_CONVERSION = YES;
				CLANG_WARN_NON_LITERAL_NULL_CONVERSION = YES;
				CLANG_WARN_OBJC_IMPLICIT_RETAIN_SELF = YES;
				CLANG_WARN_OBJC_LITERAL_CONVERSION = YES;
				CLANG_WARN_OBJC_ROOT_CLASS = YES_ERROR;
				CLANG_WARN_QUOTED_INCLUDE_IN_FRAMEWORK_HEADER = YES;
				CLANG_WARN_RANGE_LOOP_ANALYSIS = YES;
				CLANG_WARN_STRICT_PROTOTYPES = YES;
				CLANG_WARN_SUSPICIOUS_MOVE = YES;
				CLANG_WARN_UNGUARDED_AVAILABILITY = YES_AGGRESSIVE;
				CLANG_WARN_UNREACHABLE_CODE = YES;
				CLANG_WARN__DUPLICATE_METHOD_MATCH = YES;
				COPY_PHASE_STRIP = NO;
				DEBUG_INFORMATION_FORMAT = dwarf;
				ENABLE_STRICT_OBJC_MSGSEND = YES;
				ENABLE_TESTABILITY = YES;
				GCC_C_LANGUAGE_STANDARD = gnu11;
				GCC_DYNAMIC_NO_PIC = NO;
				GCC_NO_COMMON_BLOCKS = YES;
				GCC_OPTIMIZATION_LEVEL = 0;
				GCC_PREPROCESSOR_DEFINITIONS = (
					"DEBUG=1",
					"$(inherited)",
				);
				GCC_WARN_64_TO_32_BIT_CONVERSION = YES;
				GCC_WARN_ABOUT_RETURN_TYPE = YES_ERROR;
				GCC_WARN_UNDECLARED_SELECTOR = YES;
				GCC_WARN_UNINITIALIZED_AUTOS = YES_AGGRESSIVE;
				GCC_WARN_UNUSED_FUNCTION = YES;
				GCC_WARN_UNUSED_VARIABLE = YES;
				MTL_ENABLE_DEBUG_INFO = INCLUDE_SOURCE;
				MTL_FAST_MATH = YES;
				ONLY_ACTIVE_ARCH = YES;
				SWIFT_ACTIVE_COMPILATION_CONDITIONS = DEBUG;
				SWIFT_OPTIMIZATION_LEVEL = "-Onone";
			};
			name = Debug;
		};
		7E75BFEE299673730006539B /* Release */ = {
			isa = XCBuildConfiguration;
			buildSettings = {
				ALWAYS_SEARCH_USER_PATHS = NO;
				CLANG_ANALYZER_NONNULL = YES;
				CLANG_ANALYZER_NUMBER_OBJECT_CONVERSION = YES_AGGRESSIVE;
				CLANG_CXX_LANGUAGE_STANDARD = "gnu++17";
				CLANG_CXX_LIBRARY = "libc++";
				CLANG_ENABLE_MODULES = YES;
				CLANG_ENABLE_OBJC_ARC = YES;
				CLANG_ENABLE_OBJC_WEAK = YES;
				CLANG_WARN_BLOCK_CAPTURE_AUTORELEASING = YES;
				CLANG_WARN_BOOL_CONVERSION = YES;
				CLANG_WARN_COMMA = YES;
				CLANG_WARN_CONSTANT_CONVERSION = YES;
				CLANG_WARN_DEPRECATED_OBJC_IMPLEMENTATIONS = YES;
				CLANG_WARN_DIRECT_OBJC_ISA_USAGE = YES_ERROR;
				CLANG_WARN_DOCUMENTATION_COMMENTS = YES;
				CLANG_WARN_EMPTY_BODY = YES;
				CLANG_WARN_ENUM_CONVERSION = YES;
				CLANG_WARN_INFINITE_RECURSION = YES;
				CLANG_WARN_INT_CONVERSION = YES;
				CLANG_WARN_NON_LITERAL_NULL_CONVERSION = YES;
				CLANG_WARN_OBJC_IMPLICIT_RETAIN_SELF = YES;
				CLANG_WARN_OBJC_LITERAL_CONVERSION = YES;
				CLANG_WARN_OBJC_ROOT_CLASS = YES_ERROR;
				CLANG_WARN_QUOTED_INCLUDE_IN_FRAMEWORK_HEADER = YES;
				CLANG_WARN_RANGE_LOOP_ANALYSIS = YES;
				CLANG_WARN_STRICT_PROTOTYPES = YES;
				CLANG_WARN_SUSPICIOUS_MOVE = YES;
				CLANG_WARN_UNGUARDED_AVAILABILITY = YES_AGGRESSIVE;
				CLANG_WARN_UNREACHABLE_CODE = YES;
				CLANG_WARN__DUPLICATE_METHOD_MATCH = YES;
				COPY_PHASE_STRIP = NO;
				DEBUG_INFORMATION_FORMAT = "dwarf-with-dsym";
				ENABLE_NS_ASSERTIONS = NO;
				ENABLE_STRICT_OBJC_MSGSEND = YES;
				GCC_C_LANGUAGE_STANDARD = gnu11;
				GCC_NO_COMMON_BLOCKS = YES;
				GCC_WARN_64_TO_32_BIT_CONVERSION = YES;
				GCC_WARN_ABOUT_RETURN_TYPE = YES_ERROR;
				GCC_WARN_UNDECLARED_SELECTOR = YES;
				GCC_WARN_UNINITIALIZED_AUTOS = YES_AGGRESSIVE;
				GCC_WARN_UNUSED_FUNCTION = YES;
				GCC_WARN_UNUSED_VARIABLE = YES;
				MTL_ENABLE_DEBUG_INFO = NO;
				MTL_FAST_MATH = YES;
				SWIFT_COMPILATION_MODE = wholemodule;
				SWIFT_OPTIMIZATION_LEVEL = "-O";
			};
			name = Release;
		};
		7E75BFF0299673730006539B /* Debug */ = {
			isa = XCBuildConfiguration;
			buildSettings = {
				ASSETCATALOG_COMPILER_APPICON_NAME = AppIcon;
				ASSETCATALOG_COMPILER_GLOBAL_ACCENT_COLOR_NAME = AccentColor;
				CODE_SIGN_STYLE = Automatic;
				CURRENT_PROJECT_VERSION = 1;
				DEVELOPMENT_TEAM = TW562XCG9S;
				ENABLE_PREVIEWS = YES;
				GENERATE_INFOPLIST_FILE = YES;
				INFOPLIST_KEY_UIApplicationSceneManifest_Generation = YES;
				INFOPLIST_KEY_UIApplicationSupportsIndirectInputEvents = YES;
				INFOPLIST_KEY_UILaunchScreen_Generation = YES;
				INFOPLIST_KEY_UISupportedInterfaceOrientations_iPad = "UIInterfaceOrientationPortrait UIInterfaceOrientationPortraitUpsideDown UIInterfaceOrientationLandscapeLeft UIInterfaceOrientationLandscapeRight";
				INFOPLIST_KEY_UISupportedInterfaceOrientations_iPhone = "UIInterfaceOrientationPortrait UIInterfaceOrientationLandscapeLeft UIInterfaceOrientationLandscapeRight";
				IPHONEOS_DEPLOYMENT_TARGET = 15.2;
				LD_RUNPATH_SEARCH_PATHS = (
					"$(inherited)",
					"@executable_path/Frameworks",
				);
				MARKETING_VERSION = 1.0;
				PRODUCT_BUNDLE_IDENTIFIER = C.A.V.S.S.CustomView;
				PRODUCT_NAME = CustomView;
				SDKROOT = iphoneos;
				SWIFT_EMIT_LOC_STRINGS = YES;
				SWIFT_VERSION = 5.0;
				TARGETED_DEVICE_FAMILY = "1,2";
			};
			name = Debug;
		};
		7E75BFF1299673730006539B /* Release */ = {
			isa = XCBuildConfiguration;
			buildSettings = {
				ASSETCATALOG_COMPILER_APPICON_NAME = AppIcon;
				ASSETCATALOG_COMPILER_GLOBAL_ACCENT_COLOR_NAME = AccentColor;
				CODE_SIGN_STYLE = Automatic;
				CURRENT_PROJECT_VERSION = 1;
				DEVELOPMENT_TEAM = TW562XCG9S;
				ENABLE_PREVIEWS = YES;
				GENERATE_INFOPLIST_FILE = YES;
				INFOPLIST_KEY_UIApplicationSceneManifest_Generation = YES;
				INFOPLIST_KEY_UIApplicationSupportsIndirectInputEvents = YES;
				INFOPLIST_KEY_UILaunchScreen_Generation = YES;
				INFOPLIST_KEY_UISupportedInterfaceOrientations_iPad = "UIInterfaceOrientationPortrait UIInterfaceOrientationPortraitUpsideDown UIInterfaceOrientationLandscapeLeft UIInterfaceOrientationLandscapeRight";
				INFOPLIST_KEY_UISupportedInterfaceOrientations_iPhone = "UIInterfaceOrientationPortrait UIInterfaceOrientationLandscapeLeft UIInterfaceOrientationLandscapeRight";
				IPHONEOS_DEPLOYMENT_TARGET = 15.2;
				LD_RUNPATH_SEARCH_PATHS = (
					"$(inherited)",
					"@executable_path/Frameworks",
				);
				MARKETING_VERSION = 1.0;
				PRODUCT_BUNDLE_IDENTIFIER = C.A.V.S.S.CustomView;
				PRODUCT_NAME = CustomView;
				SDKROOT = iphoneos;
				SWIFT_EMIT_LOC_STRINGS = YES;
				SWIFT_VERSION = 5.0;
				TARGETED_DEVICE_FAMILY = "1,2";
				VALIDATE_PRODUCT = YES;
			};
			name = Release;
		};
		7E75BFF3299673730006539B /* Debug */ = {
			isa = XCBuildConfiguration;
			buildSettings = {
				ASSETCATALOG_COMPILER_APPICON_NAME = AppIcon;
				ASSETCATALOG_COMPILER_GLOBAL_ACCENT_COLOR_NAME = AccentColor;
				CODE_SIGN_ENTITLEMENTS = macOS/macOS.entitlements;
				CODE_SIGN_STYLE = Automatic;
				COMBINE_HIDPI_IMAGES = YES;
				CURRENT_PROJECT_VERSION = 1;
				DEVELOPMENT_TEAM = TW562XCG9S;
				ENABLE_HARDENED_RUNTIME = YES;
				ENABLE_PREVIEWS = YES;
				GENERATE_INFOPLIST_FILE = YES;
				INFOPLIST_KEY_NSHumanReadableCopyright = "";
				LD_RUNPATH_SEARCH_PATHS = (
					"$(inherited)",
					"@executable_path/../Frameworks",
				);
				MACOSX_DEPLOYMENT_TARGET = 11.6;
				MARKETING_VERSION = 1.0;
				PRODUCT_BUNDLE_IDENTIFIER = C.A.V.S.S.CustomView;
				PRODUCT_NAME = CustomView;
				SDKROOT = macosx;
				SWIFT_EMIT_LOC_STRINGS = YES;
				SWIFT_VERSION = 5.0;
			};
			name = Debug;
		};
		7E75BFF4299673730006539B /* Release */ = {
			isa = XCBuildConfiguration;
			buildSettings = {
				ASSETCATALOG_COMPILER_APPICON_NAME = AppIcon;
				ASSETCATALOG_COMPILER_GLOBAL_ACCENT_COLOR_NAME = AccentColor;
				CODE_SIGN_ENTITLEMENTS = macOS/macOS.entitlements;
				CODE_SIGN_STYLE = Automatic;
				COMBINE_HIDPI_IMAGES = YES;
				CURRENT_PROJECT_VERSION = 1;
				DEVELOPMENT_TEAM = TW562XCG9S;
				ENABLE_HARDENED_RUNTIME = YES;
				ENABLE_PREVIEWS = YES;
				GENERATE_INFOPLIST_FILE = YES;
				INFOPLIST_KEY_NSHumanReadableCopyright = "";
				LD_RUNPATH_SEARCH_PATHS = (
					"$(inherited)",
					"@executable_path/../Frameworks",
				);
				MACOSX_DEPLOYMENT_TARGET = 11.6;
				MARKETING_VERSION = 1.0;
				PRODUCT_BUNDLE_IDENTIFIER = C.A.V.S.S.CustomView;
				PRODUCT_NAME = CustomView;
				SDKROOT = macosx;
				SWIFT_EMIT_LOC_STRINGS = YES;
				SWIFT_VERSION = 5.0;
			};
			name = Release;
		};
		7E75BFF6299673730006539B /* Debug */ = {
			isa = XCBuildConfiguration;
			buildSettings = {
				ALWAYS_EMBED_SWIFT_STANDARD_LIBRARIES = YES;
				CODE_SIGN_STYLE = Automatic;
				CURRENT_PROJECT_VERSION = 1;
				DEVELOPMENT_TEAM = TW562XCG9S;
				GENERATE_INFOPLIST_FILE = YES;
				IPHONEOS_DEPLOYMENT_TARGET = 15.2;
				MARKETING_VERSION = 1.0;
				PRODUCT_BUNDLE_IDENTIFIER = "C.A.V.S.S.Tests-iOS";
				PRODUCT_NAME = "$(TARGET_NAME)";
				SDKROOT = iphoneos;
				SWIFT_EMIT_LOC_STRINGS = NO;
				SWIFT_VERSION = 5.0;
				TARGETED_DEVICE_FAMILY = "1,2";
				TEST_TARGET_NAME = "CustomView (iOS)";
			};
			name = Debug;
		};
		7E75BFF7299673730006539B /* Release */ = {
			isa = XCBuildConfiguration;
			buildSettings = {
				ALWAYS_EMBED_SWIFT_STANDARD_LIBRARIES = YES;
				CODE_SIGN_STYLE = Automatic;
				CURRENT_PROJECT_VERSION = 1;
				DEVELOPMENT_TEAM = TW562XCG9S;
				GENERATE_INFOPLIST_FILE = YES;
				IPHONEOS_DEPLOYMENT_TARGET = 15.2;
				MARKETING_VERSION = 1.0;
				PRODUCT_BUNDLE_IDENTIFIER = "C.A.V.S.S.Tests-iOS";
				PRODUCT_NAME = "$(TARGET_NAME)";
				SDKROOT = iphoneos;
				SWIFT_EMIT_LOC_STRINGS = NO;
				SWIFT_VERSION = 5.0;
				TARGETED_DEVICE_FAMILY = "1,2";
				TEST_TARGET_NAME = "CustomView (iOS)";
				VALIDATE_PRODUCT = YES;
			};
			name = Release;
		};
		7E75BFF9299673730006539B /* Debug */ = {
			isa = XCBuildConfiguration;
			buildSettings = {
				ALWAYS_EMBED_SWIFT_STANDARD_LIBRARIES = YES;
				CODE_SIGN_STYLE = Automatic;
				CURRENT_PROJECT_VERSION = 1;
				DEVELOPMENT_TEAM = TW562XCG9S;
				GENERATE_INFOPLIST_FILE = YES;
				MACOSX_DEPLOYMENT_TARGET = 11.6;
				MARKETING_VERSION = 1.0;
				PRODUCT_BUNDLE_IDENTIFIER = "C.A.V.S.S.Tests-macOS";
				PRODUCT_NAME = "$(TARGET_NAME)";
				SDKROOT = macosx;
				SWIFT_EMIT_LOC_STRINGS = NO;
				SWIFT_VERSION = 5.0;
				TEST_TARGET_NAME = "CustomView (macOS)";
			};
			name = Debug;
		};
		7E75BFFA299673730006539B /* Release */ = {
			isa = XCBuildConfiguration;
			buildSettings = {
				ALWAYS_EMBED_SWIFT_STANDARD_LIBRARIES = YES;
				CODE_SIGN_STYLE = Automatic;
				CURRENT_PROJECT_VERSION = 1;
				DEVELOPMENT_TEAM = TW562XCG9S;
				GENERATE_INFOPLIST_FILE = YES;
				MACOSX_DEPLOYMENT_TARGET = 11.6;
				MARKETING_VERSION = 1.0;
				PRODUCT_BUNDLE_IDENTIFIER = "C.A.V.S.S.Tests-macOS";
				PRODUCT_NAME = "$(TARGET_NAME)";
				SDKROOT = macosx;
				SWIFT_EMIT_LOC_STRINGS = NO;
				SWIFT_VERSION = 5.0;
				TEST_TARGET_NAME = "CustomView (macOS)";
			};
			name = Release;
		};
/* End XCBuildConfiguration section */

/* Begin XCConfigurationList section */
		7E75BFBD299673720006539B /* Build configuration list for PBXProject "CustomView" */ = {
			isa = XCConfigurationList;
			buildConfigurations = (
				7E75BFED299673730006539B /* Debug */,
				7E75BFEE299673730006539B /* Release */,
			);
			defaultConfigurationIsVisible = 0;
			defaultConfigurationName = Release;
		};
		7E75BFEF299673730006539B /* Build configuration list for PBXNativeTarget "CustomView (iOS)" */ = {
			isa = XCConfigurationList;
			buildConfigurations = (
				7E75BFF0299673730006539B /* Debug */,
				7E75BFF1299673730006539B /* Release */,
			);
			defaultConfigurationIsVisible = 0;
			defaultConfigurationName = Release;
		};
		7E75BFF2299673730006539B /* Build configuration list for PBXNativeTarget "CustomView (macOS)" */ = {
			isa = XCConfigurationList;
			buildConfigurations = (
				7E75BFF3299673730006539B /* Debug */,
				7E75BFF4299673730006539B /* Release */,
			);
			defaultConfigurationIsVisible = 0;
			defaultConfigurationName = Release;
		};
		7E75BFF5299673730006539B /* Build configuration list for PBXNativeTarget "Tests iOS" */ = {
			isa = XCConfigurationList;
			buildConfigurations = (
				7E75BFF6299673730006539B /* Debug */,
				7E75BFF7299673730006539B /* Release */,
			);
			defaultConfigurationIsVisible = 0;
			defaultConfigurationName = Release;
		};
		7E75BFF8299673730006539B /* Build configuration list for PBXNativeTarget "Tests macOS" */ = {
			isa = XCConfigurationList;
			buildConfigurations = (
				7E75BFF9299673730006539B /* Debug */,
				7E75BFFA299673730006539B /* Release */,
			);
			defaultConfigurationIsVisible = 0;
			defaultConfigurationName = Release;
		};
/* End XCConfigurationList section */
	};
	rootObject = 7E75BFBA299673720006539B /* Project object */;
}
